
Microsoft Visual Studio Solution File, Format Version 12.00
# Visual Studio Version 17
VisualStudioVersion = 17.8.34309.116
MinimumVisualStudioVersion = 10.0.40219.1
Project("{FAE04EC0-301F-11D3-BF4B-00C04F79EFBC}") = "FotoBlog", "FotoBlog\FotoBlog.csproj", "{B19E9AE5-24AC-4F86-BE09-2133AD74432B}"
EndProject
Global
	GlobalSection(SolutionConfigurationPlatforms) = preSolution
		Debug|Any CPU = Debug|Any CPU
		Release|Any CPU = Release|Any CPU
	EndGlobalSection
	GlobalSection(ProjectConfigurationPlatforms) = postSolution
		{B19E9AE5-24AC-4F86-BE09-2133AD74432B}.Debug|Any CPU.ActiveCfg = Debug|Any CPU
		{B19E9AE5-24AC-4F86-BE09-2133AD74432B}.Debug|Any CPU.Build.0 = Debug|Any CPU
		{B19E9AE5-24AC-4F86-BE09-2133AD74432B}.Release|Any CPU.ActiveCfg = Release|Any CPU
		{B19E9AE5-24AC-4F86-BE09-2133AD74432B}.Release|Any CPU.Build.0 = Release|Any CPU
	EndGlobalSection
	GlobalSection(SolutionProperties) = preSolution
		HideSolutionNode = FALSE
	EndGlobalSection
	GlobalSection(ExtensibilityGlobals) = postSolution
		SolutionGuid = {FF95FD0B-31AE-48A2-A11F-78BA10108890}
	EndGlobalSection
EndGlobal
